// !$*UTF8*$!
{
	archiveVersion = 1;
	classes = {
	};
	objectVersion = 46;
	objects = {

/* Begin PBXBuildFile section */
		CB11083A1B328BCC00E6365B /* TasksViewController.swift in Sources */ = {isa = PBXBuildFile; fileRef = CB1108391B328BCC00E6365B /* TasksViewController.swift */; };
		CB11083C1B328C4700E6365B /* EditTaskViewController.swift in Sources */ = {isa = PBXBuildFile; fileRef = CB11083B1B328C4700E6365B /* EditTaskViewController.swift */; };
		CB11083E1B328EAA00E6365B /* EditDescriptionCell.swift in Sources */ = {isa = PBXBuildFile; fileRef = CB11083D1B328EAA00E6365B /* EditDescriptionCell.swift */; };
		CB1108401B3A63B600E6365B /* TaskCell.swift in Sources */ = {isa = PBXBuildFile; fileRef = CB11083F1B3A63B600E6365B /* TaskCell.swift */; };
		CB1108421B3BB85D00E6365B /* RoundCheckbox.swift in Sources */ = {isa = PBXBuildFile; fileRef = CB1108411B3BB85D00E6365B /* RoundCheckbox.swift */; };
		CB33D82D1B2E0D4C001BCA5E /* AppDelegate.swift in Sources */ = {isa = PBXBuildFile; fileRef = CB33D82C1B2E0D4C001BCA5E /* AppDelegate.swift */; };
		CB33D8321B2E0D4C001BCA5E /* Main.storyboard in Resources */ = {isa = PBXBuildFile; fileRef = CB33D8301B2E0D4C001BCA5E /* Main.storyboard */; };
		CB33D8341B2E0D4C001BCA5E /* Images.xcassets in Resources */ = {isa = PBXBuildFile; fileRef = CB33D8331B2E0D4C001BCA5E /* Images.xcassets */; };
		CB33D8371B2E0D4C001BCA5E /* LaunchScreen.xib in Resources */ = {isa = PBXBuildFile; fileRef = CB33D8351B2E0D4C001BCA5E /* LaunchScreen.xib */; };
		CB33D8431B2E0D4C001BCA5E /* ToDoSwiftTests.swift in Sources */ = {isa = PBXBuildFile; fileRef = CB33D8421B2E0D4C001BCA5E /* ToDoSwiftTests.swift */; };
		CB33D84F1B2E1452001BCA5E /* Task.swift in Sources */ = {isa = PBXBuildFile; fileRef = CB33D84E1B2E1452001BCA5E /* Task.swift */; };
		CB33D8511B2E15F5001BCA5E /* TaskStore.swift in Sources */ = {isa = PBXBuildFile; fileRef = CB33D8501B2E15F5001BCA5E /* TaskStore.swift */; };
/* End PBXBuildFile section */

/* Begin PBXContainerItemProxy section */
		CB33D83D1B2E0D4C001BCA5E /* PBXContainerItemProxy */ = {
			isa = PBXContainerItemProxy;
			containerPortal = CB33D81F1B2E0D4C001BCA5E /* Project object */;
			proxyType = 1;
			remoteGlobalIDString = CB33D8261B2E0D4C001BCA5E;
			remoteInfo = ToDoSwift;
		};
/* End PBXContainerItemProxy section */

/* Begin PBXFileReference section */
		CB1108391B328BCC00E6365B /* TasksViewController.swift */ = {isa = PBXFileReference; fileEncoding = 4; lastKnownFileType = sourcecode.swift; path = TasksViewController.swift; sourceTree = "<group>"; };
		CB11083B1B328C4700E6365B /* EditTaskViewController.swift */ = {isa = PBXFileReference; fileEncoding = 4; lastKnownFileType = sourcecode.swift; path = EditTaskViewController.swift; sourceTree = "<group>"; };
		CB11083D1B328EAA00E6365B /* EditDescriptionCell.swift */ = {isa = PBXFileReference; fileEncoding = 4; lastKnownFileType = sourcecode.swift; path = EditDescriptionCell.swift; sourceTree = "<group>"; };
		CB11083F1B3A63B600E6365B /* TaskCell.swift */ = {isa = PBXFileReference; fileEncoding = 4; lastKnownFileType = sourcecode.swift; path = TaskCell.swift; sourceTree = "<group>"; };
		CB1108411B3BB85D00E6365B /* RoundCheckbox.swift */ = {isa = PBXFileReference; fileEncoding = 4; lastKnownFileType = sourcecode.swift; path = RoundCheckbox.swift; sourceTree = "<group>"; };
		CB33D8271B2E0D4C001BCA5E /* ToDoSwift.app */ = {isa = PBXFileReference; explicitFileType = wrapper.application; includeInIndex = 0; path = ToDoSwift.app; sourceTree = BUILT_PRODUCTS_DIR; };
		CB33D82B1B2E0D4C001BCA5E /* Info.plist */ = {isa = PBXFileReference; lastKnownFileType = text.plist.xml; path = Info.plist; sourceTree = "<group>"; };
		CB33D82C1B2E0D4C001BCA5E /* AppDelegate.swift */ = {isa = PBXFileReference; lastKnownFileType = sourcecode.swift; path = AppDelegate.swift; sourceTree = "<group>"; };
		CB33D8311B2E0D4C001BCA5E /* Base */ = {isa = PBXFileReference; lastKnownFileType = file.storyboard; name = Base; path = Base.lproj/Main.storyboard; sourceTree = "<group>"; };
		CB33D8331B2E0D4C001BCA5E /* Images.xcassets */ = {isa = PBXFileReference; lastKnownFileType = folder.assetcatalog; path = Images.xcassets; sourceTree = "<group>"; };
		CB33D8361B2E0D4C001BCA5E /* Base */ = {isa = PBXFileReference; lastKnownFileType = file.xib; name = Base; path = Base.lproj/LaunchScreen.xib; sourceTree = "<group>"; };
		CB33D83C1B2E0D4C001BCA5E /* ToDoSwiftTests.xctest */ = {isa = PBXFileReference; explicitFileType = wrapper.cfbundle; includeInIndex = 0; path = ToDoSwiftTests.xctest; sourceTree = BUILT_PRODUCTS_DIR; };
		CB33D8411B2E0D4C001BCA5E /* Info.plist */ = {isa = PBXFileReference; lastKnownFileType = text.plist.xml; path = Info.plist; sourceTree = "<group>"; };
		CB33D8421B2E0D4C001BCA5E /* ToDoSwiftTests.swift */ = {isa = PBXFileReference; lastKnownFileType = sourcecode.swift; path = ToDoSwiftTests.swift; sourceTree = "<group>"; };
		CB33D84E1B2E1452001BCA5E /* Task.swift */ = {isa = PBXFileReference; fileEncoding = 4; lastKnownFileType = sourcecode.swift; path = Task.swift; sourceTree = "<group>"; };
		CB33D8501B2E15F5001BCA5E /* TaskStore.swift */ = {isa = PBXFileReference; fileEncoding = 4; lastKnownFileType = sourcecode.swift; path = TaskStore.swift; sourceTree = "<group>"; };
/* End PBXFileReference section */

/* Begin PBXFrameworksBuildPhase section */
		CB33D8241B2E0D4C001BCA5E /* Frameworks */ = {
			isa = PBXFrameworksBuildPhase;
			buildActionMask = 2147483647;
			files = (
			);
			runOnlyForDeploymentPostprocessing = 0;
		};
		CB33D8391B2E0D4C001BCA5E /* Frameworks */ = {
			isa = PBXFrameworksBuildPhase;
			buildActionMask = 2147483647;
			files = (
			);
			runOnlyForDeploymentPostprocessing = 0;
		};
/* End PBXFrameworksBuildPhase section */

/* Begin PBXGroup section */
		CB1108381B328B9E00E6365B /* UI */ = {
			isa = PBXGroup;
			children = (
				CB1108391B328BCC00E6365B /* TasksViewController.swift */,
				CB11083B1B328C4700E6365B /* EditTaskViewController.swift */,
				CB11083D1B328EAA00E6365B /* EditDescriptionCell.swift */,
				CB11083F1B3A63B600E6365B /* TaskCell.swift */,
				CB1108411B3BB85D00E6365B /* RoundCheckbox.swift */,
			);
			path = UI;
			sourceTree = "<group>";
		};
		CB33D81E1B2E0D4C001BCA5E = {
			isa = PBXGroup;
			children = (
				CB33D8291B2E0D4C001BCA5E /* ToDoSwift */,
				CB33D83F1B2E0D4C001BCA5E /* ToDoSwiftTests */,
				CB33D8281B2E0D4C001BCA5E /* Products */,
			);
			sourceTree = "<group>";
		};
		CB33D8281B2E0D4C001BCA5E /* Products */ = {
			isa = PBXGroup;
			children = (
				CB33D8271B2E0D4C001BCA5E /* ToDoSwift.app */,
				CB33D83C1B2E0D4C001BCA5E /* ToDoSwiftTests.xctest */,
			);
			name = Products;
			sourceTree = "<group>";
		};
		CB33D8291B2E0D4C001BCA5E /* ToDoSwift */ = {
			isa = PBXGroup;
			children = (
				CB1108381B328B9E00E6365B /* UI */,
				CB33D84C1B2E1407001BCA5E /* dataStore */,
				CB33D84D1B2E1407001BCA5E /* model */,
				CB33D82C1B2E0D4C001BCA5E /* AppDelegate.swift */,
				CB33D8301B2E0D4C001BCA5E /* Main.storyboard */,
				CB33D8331B2E0D4C001BCA5E /* Images.xcassets */,
				CB33D8351B2E0D4C001BCA5E /* LaunchScreen.xib */,
				CB33D82A1B2E0D4C001BCA5E /* Supporting Files */,
			);
			path = ToDoSwift;
			sourceTree = "<group>";
		};
		CB33D82A1B2E0D4C001BCA5E /* Supporting Files */ = {
			isa = PBXGroup;
			children = (
				CB33D82B1B2E0D4C001BCA5E /* Info.plist */,
			);
			name = "Supporting Files";
			sourceTree = "<group>";
		};
		CB33D83F1B2E0D4C001BCA5E /* ToDoSwiftTests */ = {
			isa = PBXGroup;
			children = (
				CB33D8421B2E0D4C001BCA5E /* ToDoSwiftTests.swift */,
				CB33D8401B2E0D4C001BCA5E /* Supporting Files */,
			);
			path = ToDoSwiftTests;
			sourceTree = "<group>";
		};
		CB33D8401B2E0D4C001BCA5E /* Supporting Files */ = {
			isa = PBXGroup;
			children = (
				CB33D8411B2E0D4C001BCA5E /* Info.plist */,
			);
			name = "Supporting Files";
			sourceTree = "<group>";
		};
		CB33D84C1B2E1407001BCA5E /* dataStore */ = {
			isa = PBXGroup;
			children = (
				CB33D8501B2E15F5001BCA5E /* TaskStore.swift */,
			);
			path = dataStore;
			sourceTree = "<group>";
		};
		CB33D84D1B2E1407001BCA5E /* model */ = {
			isa = PBXGroup;
			children = (
				CB33D84E1B2E1452001BCA5E /* Task.swift */,
			);
			path = model;
			sourceTree = "<group>";
		};
/* End PBXGroup section */

/* Begin PBXNativeTarget section */
		CB33D8261B2E0D4C001BCA5E /* ToDoSwift */ = {
			isa = PBXNativeTarget;
			buildConfigurationList = CB33D8461B2E0D4C001BCA5E /* Build configuration list for PBXNativeTarget "ToDoSwift" */;
			buildPhases = (
				CB33D8231B2E0D4C001BCA5E /* Sources */,
				CB33D8241B2E0D4C001BCA5E /* Frameworks */,
				CB33D8251B2E0D4C001BCA5E /* Resources */,
			);
			buildRules = (
			);
			dependencies = (
			);
			name = ToDoSwift;
			productName = ToDoSwift;
			productReference = CB33D8271B2E0D4C001BCA5E /* ToDoSwift.app */;
			productType = "com.apple.product-type.application";
		};
		CB33D83B1B2E0D4C001BCA5E /* ToDoSwiftTests */ = {
			isa = PBXNativeTarget;
			buildConfigurationList = CB33D8491B2E0D4C001BCA5E /* Build configuration list for PBXNativeTarget "ToDoSwiftTests" */;
			buildPhases = (
				CB33D8381B2E0D4C001BCA5E /* Sources */,
				CB33D8391B2E0D4C001BCA5E /* Frameworks */,
				CB33D83A1B2E0D4C001BCA5E /* Resources */,
			);
			buildRules = (
			);
			dependencies = (
				CB33D83E1B2E0D4C001BCA5E /* PBXTargetDependency */,
			);
			name = ToDoSwiftTests;
			productName = ToDoSwiftTests;
			productReference = CB33D83C1B2E0D4C001BCA5E /* ToDoSwiftTests.xctest */;
			productType = "com.apple.product-type.bundle.unit-test";
		};
/* End PBXNativeTarget section */

/* Begin PBXProject section */
		CB33D81F1B2E0D4C001BCA5E /* Project object */ = {
			isa = PBXProject;
			attributes = {
				LastUpgradeCheck = 0630;
				ORGANIZATIONNAME = Zhou;
				TargetAttributes = {
					CB33D8261B2E0D4C001BCA5E = {
						CreatedOnToolsVersion = 6.3.2;
					};
					CB33D83B1B2E0D4C001BCA5E = {
						CreatedOnToolsVersion = 6.3.2;
						TestTargetID = CB33D8261B2E0D4C001BCA5E;
					};
				};
			};
			buildConfigurationList = CB33D8221B2E0D4C001BCA5E /* Build configuration list for PBXProject "ToDoSwift" */;
			compatibilityVersion = "Xcode 3.2";
			developmentRegion = English;
			hasScannedForEncodings = 0;
			knownRegions = (
				en,
				Base,
			);
			mainGroup = CB33D81E1B2E0D4C001BCA5E;
			productRefGroup = CB33D8281B2E0D4C001BCA5E /* Products */;
			projectDirPath = "";
			projectRoot = "";
			targets = (
				CB33D8261B2E0D4C001BCA5E /* ToDoSwift */,
				CB33D83B1B2E0D4C001BCA5E /* ToDoSwiftTests */,
			);
		};
/* End PBXProject section */

/* Begin PBXResourcesBuildPhase section */
		CB33D8251B2E0D4C001BCA5E /* Resources */ = {
			isa = PBXResourcesBuildPhase;
			buildActionMask = 2147483647;
			files = (
				CB33D8321B2E0D4C001BCA5E /* Main.storyboard in Resources */,
				CB33D8371B2E0D4C001BCA5E /* LaunchScreen.xib in Resources */,
				CB33D8341B2E0D4C001BCA5E /* Images.xcassets in Resources */,
			);
			runOnlyForDeploymentPostprocessing = 0;
		};
		CB33D83A1B2E0D4C001BCA5E /* Resources */ = {
			isa = PBXResourcesBuildPhase;
			buildActionMask = 2147483647;
			files = (
			);
			runOnlyForDeploymentPostprocessing = 0;
		};
/* End PBXResourcesBuildPhase section */

/* Begin PBXSourcesBuildPhase section */
		CB33D8231B2E0D4C001BCA5E /* Sources */ = {
			isa = PBXSourcesBuildPhase;
			buildActionMask = 2147483647;
			files = (
				CB11083E1B328EAA00E6365B /* EditDescriptionCell.swift in Sources */,
				CB1108401B3A63B600E6365B /* TaskCell.swift in Sources */,
				CB33D84F1B2E1452001BCA5E /* Task.swift in Sources */,
				CB11083A1B328BCC00E6365B /* TasksViewController.swift in Sources */,
				CB11083C1B328C4700E6365B /* EditTaskViewController.swift in Sources */,
				CB1108421B3BB85D00E6365B /* RoundCheckbox.swift in Sources */,
				CB33D8511B2E15F5001BCA5E /* TaskStore.swift in Sources */,
				CB33D82D1B2E0D4C001BCA5E /* AppDelegate.swift in Sources */,
			);
			runOnlyForDeploymentPostprocessing = 0;
		};
		CB33D8381B2E0D4C001BCA5E /* Sources */ = {
			isa = PBXSourcesBuildPhase;
			buildActionMask = 2147483647;
			files = (
				CB33D8431B2E0D4C001BCA5E /* ToDoSwiftTests.swift in Sources */,
			);
			runOnlyForDeploymentPostprocessing = 0;
		};
/* End PBXSourcesBuildPhase section */

/* Begin PBXTargetDependency section */
		CB33D83E1B2E0D4C001BCA5E /* PBXTargetDependency */ = {
			isa = PBXTargetDependency;
			target = CB33D8261B2E0D4C001BCA5E /* ToDoSwift */;
			targetProxy = CB33D83D1B2E0D4C001BCA5E /* PBXContainerItemProxy */;
		};
/* End PBXTargetDependency section */

/* Begin PBXVariantGroup section */
		CB33D8301B2E0D4C001BCA5E /* Main.storyboard */ = {
			isa = PBXVariantGroup;
			children = (
				CB33D8311B2E0D4C001BCA5E /* Base */,
			);
			name = Main.storyboard;
			sourceTree = "<group>";
		};
		CB33D8351B2E0D4C001BCA5E /* LaunchScreen.xib */ = {
			isa = PBXVariantGroup;
			children = (
				CB33D8361B2E0D4C001BCA5E /* Base */,
			);
			name = LaunchScreen.xib;
			sourceTree = "<group>";
		};
/* End PBXVariantGroup section */

/* Begin XCBuildConfiguration section */
		CB33D8441B2E0D4C001BCA5E /* Debug */ = {
			isa = XCBuildConfiguration;
			buildSettings = {
				ALWAYS_SEARCH_USER_PATHS = NO;
				CLANG_CXX_LANGUAGE_STANDARD = "gnu++0x";
				CLANG_CXX_LIBRARY = "libc++";
				CLANG_ENABLE_MODULES = YES;
				CLANG_ENABLE_OBJC_ARC = YES;
				CLANG_WARN_BOOL_CONVERSION = YES;
				CLANG_WARN_CONSTANT_CONVERSION = YES;
				CLANG_WARN_DIRECT_OBJC_ISA_USAGE = YES_ERROR;
				CLANG_WARN_EMPTY_BODY = YES;
				CLANG_WARN_ENUM_CONVERSION = YES;
				CLANG_WARN_INT_CONVERSION = YES;
				CLANG_WARN_OBJC_ROOT_CLASS = YES_ERROR;
				CLANG_WARN_UNREACHABLE_CODE = YES;
				CLANG_WARN__DUPLICATE_METHOD_MATCH = YES;
				"CODE_SIGN_IDENTITY[sdk=iphoneos*]" = "iPhone Developer";
				COPY_PHASE_STRIP = NO;
				DEBUG_INFORMATION_FORMAT = "dwarf-with-dsym";
				ENABLE_STRICT_OBJC_MSGSEND = YES;
				GCC_C_LANGUAGE_STANDARD = gnu99;
				GCC_DYNAMIC_NO_PIC = NO;
				GCC_NO_COMMON_BLOCKS = YES;
				GCC_OPTIMIZATION_LEVEL = 0;
				GCC_PREPROCESSOR_DEFINITIONS = (
					"DEBUG=1",
					"$(inherited)",
				);
				GCC_SYMBOLS_PRIVATE_EXTERN = NO;
				GCC_WARN_64_TO_32_BIT_CONVERSION = YES;
				GCC_WARN_ABOUT_RETURN_TYPE = YES_ERROR;
				GCC_WARN_UNDECLARED_SELECTOR = YES;
				GCC_WARN_UNINITIALIZED_AUTOS = YES_AGGRESSIVE;
				GCC_WARN_UNUSED_FUNCTION = YES;
				GCC_WARN_UNUSED_VARIABLE = YES;
				IPHONEOS_DEPLOYMENT_TARGET = 8.3;
				MTL_ENABLE_DEBUG_INFO = YES;
				ONLY_ACTIVE_ARCH = YES;
				SDKROOT = iphoneos;
				SWIFT_OPTIMIZATION_LEVEL = "-Onone";
				TARGETED_DEVICE_FAMILY = "1,2";
			};
			name = Debug;
		};
		CB33D8451B2E0D4C001BCA5E /* Release */ = {
			isa = XCBuildConfiguration;
			buildSettings = {
				ALWAYS_SEARCH_USER_PATHS = NO;
				CLANG_CXX_LANGUAGE_STANDARD = "gnu++0x";
				CLANG_CXX_LIBRARY = "libc++";
				CLANG_ENABLE_MODULES = YES;
				CLANG_ENABLE_OBJC_ARC = YES;
				CLANG_WARN_BOOL_CONVERSION = YES;
				CLANG_WARN_CONSTANT_CONVERSION = YES;
				CLANG_WARN_DIRECT_OBJC_ISA_USAGE = YES_ERROR;
				CLANG_WARN_EMPTY_BODY = YES;
				CLANG_WARN_ENUM_CONVERSION = YES;
				CLANG_WARN_INT_CONVERSION = YES;
				CLANG_WARN_OBJC_ROOT_CLASS = YES_ERROR;
				CLANG_WARN_UNREACHABLE_CODE = YES;
				CLANG_WARN__DUPLICATE_METHOD_MATCH = YES;
				"CODE_SIGN_IDENTITY[sdk=iphoneos*]" = "iPhone Developer";
				COPY_PHASE_STRIP = NO;
				DEBUG_INFORMATION_FORMAT = "dwarf-with-dsym";
				ENABLE_NS_ASSERTIONS = NO;
				ENABLE_STRICT_OBJC_MSGSEND = YES;
				GCC_C_LANGUAGE_STANDARD = gnu99;
				GCC_NO_COMMON_BLOCKS = YES;
				GCC_WARN_64_TO_32_BIT_CONVERSION = YES;
				GCC_WARN_ABOUT_RETURN_TYPE = YES_ERROR;
				GCC_WARN_UNDECLARED_SELECTOR = YES;
				GCC_WARN_UNINITIALIZED_AUTOS = YES_AGGRESSIVE;
				GCC_WARN_UNUSED_FUNCTION = YES;
				GCC_WARN_UNUSED_VARIABLE = YES;
				IPHONEOS_DEPLOYMENT_TARGET = 8.3;
				MTL_ENABLE_DEBUG_INFO = NO;
				SDKROOT = iphoneos;
				TARGETED_DEVICE_FAMILY = "1,2";
				VALIDATE_PRODUCT = YES;
			};
			name = Release;
		};
		CB33D8471B2E0D4C001BCA5E /* Debug */ = {
			isa = XCBuildConfiguration;
			buildSettings = {
				ASSETCATALOG_COMPILER_APPICON_NAME = AppIcon;
				INFOPLIST_FILE = ToDoSwift/Info.plist;
				LD_RUNPATH_SEARCH_PATHS = "$(inherited) @executable_path/Frameworks";
				PRODUCT_NAME = "$(TARGET_NAME)";
			};
			name = Debug;
		};
		CB33D8481B2E0D4C001BCA5E /* Release */ = {
			isa = XCBuildConfiguration;
			buildSettings = {
				ASSETCATALOG_COMPILER_APPICON_NAME = AppIcon;
				INFOPLIST_FILE = ToDoSwift/Info.plist;
				LD_RUNPATH_SEARCH_PATHS = "$(inherited) @executable_path/Frameworks";
				PRODUCT_NAME = "$(TARGET_NAME)";
			};
			name = Release;
		};
		CB33D84A1B2E0D4C001BCA5E /* Debug */ = {
			isa = XCBuildConfiguration;
			buildSettings = {
				BUNDLE_LOADER = "$(TEST_HOST)";
				FRAMEWORK_SEARCH_PATHS = (
					"$(SDKROOT)/Developer/Library/Frameworks",
					"$(inherited)",
				);
				GCC_PREPROCESSOR_DEFINITIONS = (
					"DEBUG=1",
					"$(inherited)",
				);
				INFOPLIST_FILE = ToDoSwiftTests/Info.plist;
				LD_RUNPATH_SEARCH_PATHS = "$(inherited) @executable_path/Frameworks @loader_path/Frameworks";
				PRODUCT_NAME = "$(TARGET_NAME)";
				TEST_HOST = "$(BUILT_PRODUCTS_DIR)/ToDoSwift.app/ToDoSwift";
			};
			name = Debug;
		};
		CB33D84B1B2E0D4C001BCA5E /* Release */ = {
			isa = XCBuildConfiguration;
			buildSettings = {
				BUNDLE_LOADER = "$(TEST_HOST)";
				FRAMEWORK_SEARCH_PATHS = (
					"$(SDKROOT)/Developer/Library/Frameworks",
					"$(inherited)",
				);
				INFOPLIST_FILE = ToDoSwiftTests/Info.plist;
				LD_RUNPATH_SEARCH_PATHS = "$(inherited) @executable_path/Frameworks @loader_path/Frameworks";
				PRODUCT_NAME = "$(TARGET_NAME)";
				TEST_HOST = "$(BUILT_PRODUCTS_DIR)/ToDoSwift.app/ToDoSwift";
			};
			name = Release;
		};
/* End XCBuildConfiguration section */

/* Begin XCConfigurationList section */
		CB33D8221B2E0D4C001BCA5E /* Build configuration list for PBXProject "ToDoSwift" */ = {
			isa = XCConfigurationList;
			buildConfigurations = (
				CB33D8441B2E0D4C001BCA5E /* Debug */,
				CB33D8451B2E0D4C001BCA5E /* Release */,
			);
			defaultConfigurationIsVisible = 0;
			defaultConfigurationName = Release;
		};
		CB33D8461B2E0D4C001BCA5E /* Build configuration list for PBXNativeTarget "ToDoSwift" */ = {
			isa = XCConfigurationList;
			buildConfigurations = (
				CB33D8471B2E0D4C001BCA5E /* Debug */,
				CB33D8481B2E0D4C001BCA5E /* Release */,
			);
			defaultConfigurationIsVisible = 0;
			defaultConfigurationName = Release;
		};
		CB33D8491B2E0D4C001BCA5E /* Build configuration list for PBXNativeTarget "ToDoSwiftTests" */ = {
			isa = XCConfigurationList;
			buildConfigurations = (
				CB33D84A1B2E0D4C001BCA5E /* Debug */,
				CB33D84B1B2E0D4C001BCA5E /* Release */,
			);
			defaultConfigurationIsVisible = 0;
			defaultConfigurationName = Release;
		};
/* End XCConfigurationList section */
	};
	rootObject = CB33D81F1B2E0D4C001BCA5E /* Project object */;
}
